
Microsoft Visual Studio Solution File, Format Version 12.00
# Visual Studio 14
VisualStudioVersion = 14.0.25420.1
MinimumVisualStudioVersion = 10.0.40219.1
Project("{FAE04EC0-301F-11D3-BF4B-00C04F79EFBC}") = "ProAFSolutions", "ProAFSolutions\ProAFSolutions.csproj", "{B863B166-3B22-4CBB-9A52-6E371F2B5683}"
EndProject
Project("{FAE04EC0-301F-11D3-BF4B-00C04F79EFBC}") = "ProAFSolutionsAPI", "ProAFSolutionsAPI\ProAFSolutionsAPI.csproj", "{4F957496-FC6F-451A-B010-0D89C6D3B116}"
EndProject
Project("{2150E333-8FDC-42A3-9474-1A3956D46DE8}") = "Xamarin Client", "Xamarin Client", "{F9E996C4-9484-405B-B4F1-BEA133E376B1}"
EndProject
Project("{2150E333-8FDC-42A3-9474-1A3956D46DE8}") = "2- Web API", "2- Web API", "{88D7695B-3C8A-426C-BD08-711F49B500CC}"
EndProject
Project("{2150E333-8FDC-42A3-9474-1A3956D46DE8}") = "1- Site", "1- Site", "{D2EC6C6F-B0E6-4DF8-91EC-EC7B7DA7BCA8}"
EndProject
Project("{FAE04EC0-301F-11D3-BF4B-00C04F79EFBC}") = "XamarinChat", "ProAFSolutionsXamarinChatClient\XamarinChat\XamarinChat.csproj", "{86E41C61-C0E7-4355-AAA4-22063088FEF2}"
EndProject
Project("{FAE04EC0-301F-11D3-BF4B-00C04F79EFBC}") = "XamarinChat.Droid", "ProAFSolutionsXamarinChatClient\Droid\XamarinChat.Droid.csproj", "{EABEFB5B-266E-4FC0-9F1E-0C43CCF43211}"
EndProject
Project("{FAE04EC0-301F-11D3-BF4B-00C04F79EFBC}") = "XamarinChat.iOS", "ProAFSolutionsXamarinChatClient\iOS\XamarinChat.iOS.csproj", "{10864106-5667-487D-BCC1-CAB26FF8766A}"
EndProject
Project("{2150E333-8FDC-42A3-9474-1A3956D46DE8}") = "Ionic Client", "Ionic Client", "{B8A5BAAD-B870-45CC-9E34-8FB96D203666}"
EndProject
Project("{2150E333-8FDC-42A3-9474-1A3956D46DE8}") = "3- Identity Server", "3- Identity Server", "{B39B12D5-6C5E-4741-81F5-D3D609282F4D}"
EndProject
Project("{2150E333-8FDC-42A3-9474-1A3956D46DE8}") = "4- Mobile Clients", "4- Mobile Clients", "{0D46455B-89DF-4757-B2D7-453931A4ED8A}"
EndProject
Project("{262852C6-CD72-467D-83FE-5EEB1973A190}") = "ProAFSolutions.IonicChatClient", "ProAFSolutions.IonicChatClient\ProAFSolutions.IonicChatClient.jsproj", "{65C13E97-27B0-4CA7-A45A-E0AD91F26720}"
EndProject
Global
	GlobalSection(SolutionConfigurationPlatforms) = preSolution
		Debug|Android = Debug|Android
		Debug|Any CPU = Debug|Any CPU
		Debug|iOS = Debug|iOS
		Debug|iPhone = Debug|iPhone
		Debug|iPhoneSimulator = Debug|iPhoneSimulator
		Debug|Windows Phone (Universal) = Debug|Windows Phone (Universal)
		Debug|Windows Phone 8 = Debug|Windows Phone 8
		Debug|Windows-AnyCPU = Debug|Windows-AnyCPU
		Debug|Windows-ARM = Debug|Windows-ARM
		Debug|Windows-x64 = Debug|Windows-x64
		Debug|Windows-x86 = Debug|Windows-x86
		Release|Android = Release|Android
		Release|Any CPU = Release|Any CPU
		Release|iOS = Release|iOS
		Release|iPhone = Release|iPhone
		Release|iPhoneSimulator = Release|iPhoneSimulator
		Release|Windows Phone (Universal) = Release|Windows Phone (Universal)
		Release|Windows Phone 8 = Release|Windows Phone 8
		Release|Windows-AnyCPU = Release|Windows-AnyCPU
		Release|Windows-ARM = Release|Windows-ARM
		Release|Windows-x64 = Release|Windows-x64
		Release|Windows-x86 = Release|Windows-x86
	EndGlobalSection
	GlobalSection(ProjectConfigurationPlatforms) = postSolution
		{B863B166-3B22-4CBB-9A52-6E371F2B5683}.Debug|Android.ActiveCfg = Debug|Any CPU
		{B863B166-3B22-4CBB-9A52-6E371F2B5683}.Debug|Android.Build.0 = Debug|Any CPU
		{B863B166-3B22-4CBB-9A52-6E371F2B5683}.Debug|Any CPU.ActiveCfg = Debug|Any CPU
		{B863B166-3B22-4CBB-9A52-6E371F2B5683}.Debug|Any CPU.Build.0 = Debug|Any CPU
		{B863B166-3B22-4CBB-9A52-6E371F2B5683}.Debug|iOS.ActiveCfg = Debug|Any CPU
		{B863B166-3B22-4CBB-9A52-6E371F2B5683}.Debug|iOS.Build.0 = Debug|Any CPU
		{B863B166-3B22-4CBB-9A52-6E371F2B5683}.Debug|iPhone.ActiveCfg = Debug|Any CPU
		{B863B166-3B22-4CBB-9A52-6E371F2B5683}.Debug|iPhone.Build.0 = Debug|Any CPU
		{B863B166-3B22-4CBB-9A52-6E371F2B5683}.Debug|iPhoneSimulator.ActiveCfg = Debug|Any CPU
		{B863B166-3B22-4CBB-9A52-6E371F2B5683}.Debug|iPhoneSimulator.Build.0 = Debug|Any CPU
		{B863B166-3B22-4CBB-9A52-6E371F2B5683}.Debug|Windows Phone (Universal).ActiveCfg = Debug|Any CPU
		{B863B166-3B22-4CBB-9A52-6E371F2B5683}.Debug|Windows Phone (Universal).Build.0 = Debug|Any CPU
		{B863B166-3B22-4CBB-9A52-6E371F2B5683}.Debug|Windows Phone 8.ActiveCfg = Debug|Any CPU
		{B863B166-3B22-4CBB-9A52-6E371F2B5683}.Debug|Windows Phone 8.Build.0 = Debug|Any CPU
		{B863B166-3B22-4CBB-9A52-6E371F2B5683}.Debug|Windows-AnyCPU.ActiveCfg = Debug|Any CPU
		{B863B166-3B22-4CBB-9A52-6E371F2B5683}.Debug|Windows-AnyCPU.Build.0 = Debug|Any CPU
		{B863B166-3B22-4CBB-9A52-6E371F2B5683}.Debug|Windows-ARM.ActiveCfg = Debug|Any CPU
		{B863B166-3B22-4CBB-9A52-6E371F2B5683}.Debug|Windows-ARM.Build.0 = Debug|Any CPU
		{B863B166-3B22-4CBB-9A52-6E371F2B5683}.Debug|Windows-x64.ActiveCfg = Debug|Any CPU
		{B863B166-3B22-4CBB-9A52-6E371F2B5683}.Debug|Windows-x64.Build.0 = Debug|Any CPU
		{B863B166-3B22-4CBB-9A52-6E371F2B5683}.Debug|Windows-x86.ActiveCfg = Debug|Any CPU
		{B863B166-3B22-4CBB-9A52-6E371F2B5683}.Debug|Windows-x86.Build.0 = Debug|Any CPU
		{B863B166-3B22-4CBB-9A52-6E371F2B5683}.Release|Android.ActiveCfg = Release|Any CPU
		{B863B166-3B22-4CBB-9A52-6E371F2B5683}.Release|Android.Build.0 = Release|Any CPU
		{B863B166-3B22-4CBB-9A52-6E371F2B5683}.Release|Any CPU.ActiveCfg = Release|Any CPU
		{B863B166-3B22-4CBB-9A52-6E371F2B5683}.Release|Any CPU.Build.0 = Release|Any CPU
		{B863B166-3B22-4CBB-9A52-6E371F2B5683}.Release|iOS.ActiveCfg = Release|Any CPU
		{B863B166-3B22-4CBB-9A52-6E371F2B5683}.Release|iOS.Build.0 = Release|Any CPU
		{B863B166-3B22-4CBB-9A52-6E371F2B5683}.Release|iPhone.ActiveCfg = Release|Any CPU
		{B863B166-3B22-4CBB-9A52-6E371F2B5683}.Release|iPhone.Build.0 = Release|Any CPU
		{B863B166-3B22-4CBB-9A52-6E371F2B5683}.Release|iPhoneSimulator.ActiveCfg = Release|Any CPU
		{B863B166-3B22-4CBB-9A52-6E371F2B5683}.Release|iPhoneSimulator.Build.0 = Release|Any CPU
		{B863B166-3B22-4CBB-9A52-6E371F2B5683}.Release|Windows Phone (Universal).ActiveCfg = Release|Any CPU
		{B863B166-3B22-4CBB-9A52-6E371F2B5683}.Release|Windows Phone (Universal).Build.0 = Release|Any CPU
		{B863B166-3B22-4CBB-9A52-6E371F2B5683}.Release|Windows Phone 8.ActiveCfg = Release|Any CPU
		{B863B166-3B22-4CBB-9A52-6E371F2B5683}.Release|Windows Phone 8.Build.0 = Release|Any CPU
		{B863B166-3B22-4CBB-9A52-6E371F2B5683}.Release|Windows-AnyCPU.ActiveCfg = Release|Any CPU
		{B863B166-3B22-4CBB-9A52-6E371F2B5683}.Release|Windows-AnyCPU.Build.0 = Release|Any CPU
		{B863B166-3B22-4CBB-9A52-6E371F2B5683}.Release|Windows-ARM.ActiveCfg = Release|Any CPU
		{B863B166-3B22-4CBB-9A52-6E371F2B5683}.Release|Windows-ARM.Build.0 = Release|Any CPU
		{B863B166-3B22-4CBB-9A52-6E371F2B5683}.Release|Windows-x64.ActiveCfg = Release|Any CPU
		{B863B166-3B22-4CBB-9A52-6E371F2B5683}.Release|Windows-x64.Build.0 = Release|Any CPU
		{B863B166-3B22-4CBB-9A52-6E371F2B5683}.Release|Windows-x86.ActiveCfg = Release|Any CPU
		{B863B166-3B22-4CBB-9A52-6E371F2B5683}.Release|Windows-x86.Build.0 = Release|Any CPU
		{4F957496-FC6F-451A-B010-0D89C6D3B116}.Debug|Android.ActiveCfg = Debug|Any CPU
		{4F957496-FC6F-451A-B010-0D89C6D3B116}.Debug|Android.Build.0 = Debug|Any CPU
		{4F957496-FC6F-451A-B010-0D89C6D3B116}.Debug|Any CPU.ActiveCfg = Debug|Any CPU
		{4F957496-FC6F-451A-B010-0D89C6D3B116}.Debug|Any CPU.Build.0 = Debug|Any CPU
		{4F957496-FC6F-451A-B010-0D89C6D3B116}.Debug|iOS.ActiveCfg = Debug|Any CPU
		{4F957496-FC6F-451A-B010-0D89C6D3B116}.Debug|iOS.Build.0 = Debug|Any CPU
		{4F957496-FC6F-451A-B010-0D89C6D3B116}.Debug|iPhone.ActiveCfg = Debug|Any CPU
		{4F957496-FC6F-451A-B010-0D89C6D3B116}.Debug|iPhone.Build.0 = Debug|Any CPU
		{4F957496-FC6F-451A-B010-0D89C6D3B116}.Debug|iPhoneSimulator.ActiveCfg = Debug|Any CPU
		{4F957496-FC6F-451A-B010-0D89C6D3B116}.Debug|iPhoneSimulator.Build.0 = Debug|Any CPU
		{4F957496-FC6F-451A-B010-0D89C6D3B116}.Debug|Windows Phone (Universal).ActiveCfg = Debug|Any CPU
		{4F957496-FC6F-451A-B010-0D89C6D3B116}.Debug|Windows Phone (Universal).Build.0 = Debug|Any CPU
		{4F957496-FC6F-451A-B010-0D89C6D3B116}.Debug|Windows Phone 8.ActiveCfg = Debug|Any CPU
		{4F957496-FC6F-451A-B010-0D89C6D3B116}.Debug|Windows Phone 8.Build.0 = Debug|Any CPU
		{4F957496-FC6F-451A-B010-0D89C6D3B116}.Debug|Windows-AnyCPU.ActiveCfg = Debug|Any CPU
		{4F957496-FC6F-451A-B010-0D89C6D3B116}.Debug|Windows-AnyCPU.Build.0 = Debug|Any CPU
		{4F957496-FC6F-451A-B010-0D89C6D3B116}.Debug|Windows-ARM.ActiveCfg = Debug|Any CPU
		{4F957496-FC6F-451A-B010-0D89C6D3B116}.Debug|Windows-ARM.Build.0 = Debug|Any CPU
		{4F957496-FC6F-451A-B010-0D89C6D3B116}.Debug|Windows-x64.ActiveCfg = Debug|Any CPU
		{4F957496-FC6F-451A-B010-0D89C6D3B116}.Debug|Windows-x64.Build.0 = Debug|Any CPU
		{4F957496-FC6F-451A-B010-0D89C6D3B116}.Debug|Windows-x86.ActiveCfg = Debug|Any CPU
		{4F957496-FC6F-451A-B010-0D89C6D3B116}.Debug|Windows-x86.Build.0 = Debug|Any CPU
		{4F957496-FC6F-451A-B010-0D89C6D3B116}.Release|Android.ActiveCfg = Release|Any CPU
		{4F957496-FC6F-451A-B010-0D89C6D3B116}.Release|Android.Build.0 = Release|Any CPU
		{4F957496-FC6F-451A-B010-0D89C6D3B116}.Release|Any CPU.ActiveCfg = Release|Any CPU
		{4F957496-FC6F-451A-B010-0D89C6D3B116}.Release|Any CPU.Build.0 = Release|Any CPU
		{4F957496-FC6F-451A-B010-0D89C6D3B116}.Release|iOS.ActiveCfg = Release|Any CPU
		{4F957496-FC6F-451A-B010-0D89C6D3B116}.Release|iOS.Build.0 = Release|Any CPU
		{4F957496-FC6F-451A-B010-0D89C6D3B116}.Release|iPhone.ActiveCfg = Release|Any CPU
		{4F957496-FC6F-451A-B010-0D89C6D3B116}.Release|iPhone.Build.0 = Release|Any CPU
		{4F957496-FC6F-451A-B010-0D89C6D3B116}.Release|iPhoneSimulator.ActiveCfg = Release|Any CPU
		{4F957496-FC6F-451A-B010-0D89C6D3B116}.Release|iPhoneSimulator.Build.0 = Release|Any CPU
		{4F957496-FC6F-451A-B010-0D89C6D3B116}.Release|Windows Phone (Universal).ActiveCfg = Release|Any CPU
		{4F957496-FC6F-451A-B010-0D89C6D3B116}.Release|Windows Phone (Universal).Build.0 = Release|Any CPU
		{4F957496-FC6F-451A-B010-0D89C6D3B116}.Release|Windows Phone 8.ActiveCfg = Release|Any CPU
		{4F957496-FC6F-451A-B010-0D89C6D3B116}.Release|Windows Phone 8.Build.0 = Release|Any CPU
		{4F957496-FC6F-451A-B010-0D89C6D3B116}.Release|Windows-AnyCPU.ActiveCfg = Release|Any CPU
		{4F957496-FC6F-451A-B010-0D89C6D3B116}.Release|Windows-AnyCPU.Build.0 = Release|Any CPU
		{4F957496-FC6F-451A-B010-0D89C6D3B116}.Release|Windows-ARM.ActiveCfg = Release|Any CPU
		{4F957496-FC6F-451A-B010-0D89C6D3B116}.Release|Windows-ARM.Build.0 = Release|Any CPU
		{4F957496-FC6F-451A-B010-0D89C6D3B116}.Release|Windows-x64.ActiveCfg = Release|Any CPU
		{4F957496-FC6F-451A-B010-0D89C6D3B116}.Release|Windows-x64.Build.0 = Release|Any CPU
		{4F957496-FC6F-451A-B010-0D89C6D3B116}.Release|Windows-x86.ActiveCfg = Release|Any CPU
		{4F957496-FC6F-451A-B010-0D89C6D3B116}.Release|Windows-x86.Build.0 = Release|Any CPU
		{86E41C61-C0E7-4355-AAA4-22063088FEF2}.Debug|Android.ActiveCfg = Debug|Any CPU
		{86E41C61-C0E7-4355-AAA4-22063088FEF2}.Debug|Android.Build.0 = Debug|Any CPU
		{86E41C61-C0E7-4355-AAA4-22063088FEF2}.Debug|Any CPU.ActiveCfg = Debug|Any CPU
		{86E41C61-C0E7-4355-AAA4-22063088FEF2}.Debug|Any CPU.Build.0 = Debug|Any CPU
		{86E41C61-C0E7-4355-AAA4-22063088FEF2}.Debug|iOS.ActiveCfg = Debug|Any CPU
		{86E41C61-C0E7-4355-AAA4-22063088FEF2}.Debug|iOS.Build.0 = Debug|Any CPU
		{86E41C61-C0E7-4355-AAA4-22063088FEF2}.Debug|iPhone.ActiveCfg = Debug|Any CPU
		{86E41C61-C0E7-4355-AAA4-22063088FEF2}.Debug|iPhone.Build.0 = Debug|Any CPU
		{86E41C61-C0E7-4355-AAA4-22063088FEF2}.Debug|iPhoneSimulator.ActiveCfg = Debug|Any CPU
		{86E41C61-C0E7-4355-AAA4-22063088FEF2}.Debug|iPhoneSimulator.Build.0 = Debug|Any CPU
		{86E41C61-C0E7-4355-AAA4-22063088FEF2}.Debug|Windows Phone (Universal).ActiveCfg = Debug|Any CPU
		{86E41C61-C0E7-4355-AAA4-22063088FEF2}.Debug|Windows Phone (Universal).Build.0 = Debug|Any CPU
		{86E41C61-C0E7-4355-AAA4-22063088FEF2}.Debug|Windows Phone 8.ActiveCfg = Debug|Any CPU
		{86E41C61-C0E7-4355-AAA4-22063088FEF2}.Debug|Windows Phone 8.Build.0 = Debug|Any CPU
		{86E41C61-C0E7-4355-AAA4-22063088FEF2}.Debug|Windows-AnyCPU.ActiveCfg = Debug|Any CPU
		{86E41C61-C0E7-4355-AAA4-22063088FEF2}.Debug|Windows-AnyCPU.Build.0 = Debug|Any CPU
		{86E41C61-C0E7-4355-AAA4-22063088FEF2}.Debug|Windows-ARM.ActiveCfg = Debug|Any CPU
		{86E41C61-C0E7-4355-AAA4-22063088FEF2}.Debug|Windows-ARM.Build.0 = Debug|Any CPU
		{86E41C61-C0E7-4355-AAA4-22063088FEF2}.Debug|Windows-x64.ActiveCfg = Debug|Any CPU
		{86E41C61-C0E7-4355-AAA4-22063088FEF2}.Debug|Windows-x64.Build.0 = Debug|Any CPU
		{86E41C61-C0E7-4355-AAA4-22063088FEF2}.Debug|Windows-x86.ActiveCfg = Debug|Any CPU
		{86E41C61-C0E7-4355-AAA4-22063088FEF2}.Debug|Windows-x86.Build.0 = Debug|Any CPU
		{86E41C61-C0E7-4355-AAA4-22063088FEF2}.Release|Android.ActiveCfg = Release|Any CPU
		{86E41C61-C0E7-4355-AAA4-22063088FEF2}.Release|Android.Build.0 = Release|Any CPU
		{86E41C61-C0E7-4355-AAA4-22063088FEF2}.Release|Any CPU.ActiveCfg = Release|Any CPU
		{86E41C61-C0E7-4355-AAA4-22063088FEF2}.Release|Any CPU.Build.0 = Release|Any CPU
		{86E41C61-C0E7-4355-AAA4-22063088FEF2}.Release|iOS.ActiveCfg = Release|Any CPU
		{86E41C61-C0E7-4355-AAA4-22063088FEF2}.Release|iOS.Build.0 = Release|Any CPU
		{86E41C61-C0E7-4355-AAA4-22063088FEF2}.Release|iPhone.ActiveCfg = Release|Any CPU
		{86E41C61-C0E7-4355-AAA4-22063088FEF2}.Release|iPhone.Build.0 = Release|Any CPU
		{86E41C61-C0E7-4355-AAA4-22063088FEF2}.Release|iPhoneSimulator.ActiveCfg = Release|Any CPU
		{86E41C61-C0E7-4355-AAA4-22063088FEF2}.Release|iPhoneSimulator.Build.0 = Release|Any CPU
		{86E41C61-C0E7-4355-AAA4-22063088FEF2}.Release|Windows Phone (Universal).ActiveCfg = Release|Any CPU
		{86E41C61-C0E7-4355-AAA4-22063088FEF2}.Release|Windows Phone (Universal).Build.0 = Release|Any CPU
		{86E41C61-C0E7-4355-AAA4-22063088FEF2}.Release|Windows Phone 8.ActiveCfg = Release|Any CPU
		{86E41C61-C0E7-4355-AAA4-22063088FEF2}.Release|Windows Phone 8.Build.0 = Release|Any CPU
		{86E41C61-C0E7-4355-AAA4-22063088FEF2}.Release|Windows-AnyCPU.ActiveCfg = Release|Any CPU
		{86E41C61-C0E7-4355-AAA4-22063088FEF2}.Release|Windows-AnyCPU.Build.0 = Release|Any CPU
		{86E41C61-C0E7-4355-AAA4-22063088FEF2}.Release|Windows-ARM.ActiveCfg = Release|Any CPU
		{86E41C61-C0E7-4355-AAA4-22063088FEF2}.Release|Windows-ARM.Build.0 = Release|Any CPU
		{86E41C61-C0E7-4355-AAA4-22063088FEF2}.Release|Windows-x64.ActiveCfg = Release|Any CPU
		{86E41C61-C0E7-4355-AAA4-22063088FEF2}.Release|Windows-x64.Build.0 = Release|Any CPU
		{86E41C61-C0E7-4355-AAA4-22063088FEF2}.Release|Windows-x86.ActiveCfg = Release|Any CPU
		{86E41C61-C0E7-4355-AAA4-22063088FEF2}.Release|Windows-x86.Build.0 = Release|Any CPU
		{EABEFB5B-266E-4FC0-9F1E-0C43CCF43211}.Debug|Android.ActiveCfg = Debug|Any CPU
		{EABEFB5B-266E-4FC0-9F1E-0C43CCF43211}.Debug|Android.Build.0 = Debug|Any CPU
		{EABEFB5B-266E-4FC0-9F1E-0C43CCF43211}.Debug|Android.Deploy.0 = Debug|Any CPU
		{EABEFB5B-266E-4FC0-9F1E-0C43CCF43211}.Debug|Any CPU.ActiveCfg = Debug|Any CPU
		{EABEFB5B-266E-4FC0-9F1E-0C43CCF43211}.Debug|Any CPU.Build.0 = Debug|Any CPU
		{EABEFB5B-266E-4FC0-9F1E-0C43CCF43211}.Debug|Any CPU.Deploy.0 = Debug|Any CPU
		{EABEFB5B-266E-4FC0-9F1E-0C43CCF43211}.Debug|iOS.ActiveCfg = Debug|Any CPU
		{EABEFB5B-266E-4FC0-9F1E-0C43CCF43211}.Debug|iOS.Build.0 = Debug|Any CPU
		{EABEFB5B-266E-4FC0-9F1E-0C43CCF43211}.Debug|iOS.Deploy.0 = Debug|Any CPU
		{EABEFB5B-266E-4FC0-9F1E-0C43CCF43211}.Debug|iPhone.ActiveCfg = Debug|Any CPU
		{EABEFB5B-266E-4FC0-9F1E-0C43CCF43211}.Debug|iPhone.Build.0 = Debug|Any CPU
		{EABEFB5B-266E-4FC0-9F1E-0C43CCF43211}.Debug|iPhone.Deploy.0 = Debug|Any CPU
		{EABEFB5B-266E-4FC0-9F1E-0C43CCF43211}.Debug|iPhoneSimulator.ActiveCfg = Debug|Any CPU
		{EABEFB5B-266E-4FC0-9F1E-0C43CCF43211}.Debug|iPhoneSimulator.Build.0 = Debug|Any CPU
		{EABEFB5B-266E-4FC0-9F1E-0C43CCF43211}.Debug|iPhoneSimulator.Deploy.0 = Debug|Any CPU
		{EABEFB5B-266E-4FC0-9F1E-0C43CCF43211}.Debug|Windows Phone (Universal).ActiveCfg = Debug|Any CPU
		{EABEFB5B-266E-4FC0-9F1E-0C43CCF43211}.Debug|Windows Phone (Universal).Build.0 = Debug|Any CPU
		{EABEFB5B-266E-4FC0-9F1E-0C43CCF43211}.Debug|Windows Phone (Universal).Deploy.0 = Debug|Any CPU
		{EABEFB5B-266E-4FC0-9F1E-0C43CCF43211}.Debug|Windows Phone 8.ActiveCfg = Debug|Any CPU
		{EABEFB5B-266E-4FC0-9F1E-0C43CCF43211}.Debug|Windows Phone 8.Build.0 = Debug|Any CPU
		{EABEFB5B-266E-4FC0-9F1E-0C43CCF43211}.Debug|Windows Phone 8.Deploy.0 = Debug|Any CPU
		{EABEFB5B-266E-4FC0-9F1E-0C43CCF43211}.Debug|Windows-AnyCPU.ActiveCfg = Debug|Any CPU
		{EABEFB5B-266E-4FC0-9F1E-0C43CCF43211}.Debug|Windows-AnyCPU.Build.0 = Debug|Any CPU
		{EABEFB5B-266E-4FC0-9F1E-0C43CCF43211}.Debug|Windows-AnyCPU.Deploy.0 = Debug|Any CPU
		{EABEFB5B-266E-4FC0-9F1E-0C43CCF43211}.Debug|Windows-ARM.ActiveCfg = Debug|Any CPU
		{EABEFB5B-266E-4FC0-9F1E-0C43CCF43211}.Debug|Windows-ARM.Build.0 = Debug|Any CPU
		{EABEFB5B-266E-4FC0-9F1E-0C43CCF43211}.Debug|Windows-ARM.Deploy.0 = Debug|Any CPU
		{EABEFB5B-266E-4FC0-9F1E-0C43CCF43211}.Debug|Windows-x64.ActiveCfg = Debug|Any CPU
		{EABEFB5B-266E-4FC0-9F1E-0C43CCF43211}.Debug|Windows-x64.Build.0 = Debug|Any CPU
		{EABEFB5B-266E-4FC0-9F1E-0C43CCF43211}.Debug|Windows-x64.Deploy.0 = Debug|Any CPU
		{EABEFB5B-266E-4FC0-9F1E-0C43CCF43211}.Debug|Windows-x86.ActiveCfg = Debug|Any CPU
		{EABEFB5B-266E-4FC0-9F1E-0C43CCF43211}.Debug|Windows-x86.Build.0 = Debug|Any CPU
		{EABEFB5B-266E-4FC0-9F1E-0C43CCF43211}.Debug|Windows-x86.Deploy.0 = Debug|Any CPU
		{EABEFB5B-266E-4FC0-9F1E-0C43CCF43211}.Release|Android.ActiveCfg = Release|Any CPU
		{EABEFB5B-266E-4FC0-9F1E-0C43CCF43211}.Release|Android.Build.0 = Release|Any CPU
		{EABEFB5B-266E-4FC0-9F1E-0C43CCF43211}.Release|Android.Deploy.0 = Release|Any CPU
		{EABEFB5B-266E-4FC0-9F1E-0C43CCF43211}.Release|Any CPU.ActiveCfg = Release|Any CPU
		{EABEFB5B-266E-4FC0-9F1E-0C43CCF43211}.Release|Any CPU.Build.0 = Release|Any CPU
		{EABEFB5B-266E-4FC0-9F1E-0C43CCF43211}.Release|Any CPU.Deploy.0 = Release|Any CPU
		{EABEFB5B-266E-4FC0-9F1E-0C43CCF43211}.Release|iOS.ActiveCfg = Release|Any CPU
		{EABEFB5B-266E-4FC0-9F1E-0C43CCF43211}.Release|iOS.Build.0 = Release|Any CPU
		{EABEFB5B-266E-4FC0-9F1E-0C43CCF43211}.Release|iOS.Deploy.0 = Release|Any CPU
		{EABEFB5B-266E-4FC0-9F1E-0C43CCF43211}.Release|iPhone.ActiveCfg = Release|Any CPU
		{EABEFB5B-266E-4FC0-9F1E-0C43CCF43211}.Release|iPhone.Build.0 = Release|Any CPU
		{EABEFB5B-266E-4FC0-9F1E-0C43CCF43211}.Release|iPhone.Deploy.0 = Release|Any CPU
		{EABEFB5B-266E-4FC0-9F1E-0C43CCF43211}.Release|iPhoneSimulator.ActiveCfg = Release|Any CPU
		{EABEFB5B-266E-4FC0-9F1E-0C43CCF43211}.Release|iPhoneSimulator.Build.0 = Release|Any CPU
		{EABEFB5B-266E-4FC0-9F1E-0C43CCF43211}.Release|iPhoneSimulator.Deploy.0 = Release|Any CPU
		{EABEFB5B-266E-4FC0-9F1E-0C43CCF43211}.Release|Windows Phone (Universal).ActiveCfg = Release|Any CPU
		{EABEFB5B-266E-4FC0-9F1E-0C43CCF43211}.Release|Windows Phone (Universal).Build.0 = Release|Any CPU
		{EABEFB5B-266E-4FC0-9F1E-0C43CCF43211}.Release|Windows Phone (Universal).Deploy.0 = Release|Any CPU
		{EABEFB5B-266E-4FC0-9F1E-0C43CCF43211}.Release|Windows Phone 8.ActiveCfg = Release|Any CPU
		{EABEFB5B-266E-4FC0-9F1E-0C43CCF43211}.Release|Windows Phone 8.Build.0 = Release|Any CPU
		{EABEFB5B-266E-4FC0-9F1E-0C43CCF43211}.Release|Windows Phone 8.Deploy.0 = Release|Any CPU
		{EABEFB5B-266E-4FC0-9F1E-0C43CCF43211}.Release|Windows-AnyCPU.ActiveCfg = Release|Any CPU
		{EABEFB5B-266E-4FC0-9F1E-0C43CCF43211}.Release|Windows-AnyCPU.Build.0 = Release|Any CPU
		{EABEFB5B-266E-4FC0-9F1E-0C43CCF43211}.Release|Windows-AnyCPU.Deploy.0 = Release|Any CPU
		{EABEFB5B-266E-4FC0-9F1E-0C43CCF43211}.Release|Windows-ARM.ActiveCfg = Release|Any CPU
		{EABEFB5B-266E-4FC0-9F1E-0C43CCF43211}.Release|Windows-ARM.Build.0 = Release|Any CPU
		{EABEFB5B-266E-4FC0-9F1E-0C43CCF43211}.Release|Windows-ARM.Deploy.0 = Release|Any CPU
		{EABEFB5B-266E-4FC0-9F1E-0C43CCF43211}.Release|Windows-x64.ActiveCfg = Release|Any CPU
		{EABEFB5B-266E-4FC0-9F1E-0C43CCF43211}.Release|Windows-x64.Build.0 = Release|Any CPU
		{EABEFB5B-266E-4FC0-9F1E-0C43CCF43211}.Release|Windows-x64.Deploy.0 = Release|Any CPU
		{EABEFB5B-266E-4FC0-9F1E-0C43CCF43211}.Release|Windows-x86.ActiveCfg = Release|Any CPU
		{EABEFB5B-266E-4FC0-9F1E-0C43CCF43211}.Release|Windows-x86.Build.0 = Release|Any CPU
		{EABEFB5B-266E-4FC0-9F1E-0C43CCF43211}.Release|Windows-x86.Deploy.0 = Release|Any CPU
		{10864106-5667-487D-BCC1-CAB26FF8766A}.Debug|Android.ActiveCfg = Debug|iPhoneSimulator
		{10864106-5667-487D-BCC1-CAB26FF8766A}.Debug|Any CPU.ActiveCfg = Debug|iPhone
		{10864106-5667-487D-BCC1-CAB26FF8766A}.Debug|iOS.ActiveCfg = Debug|iPhoneSimulator
		{10864106-5667-487D-BCC1-CAB26FF8766A}.Debug|iPhone.ActiveCfg = Debug|iPhone
		{10864106-5667-487D-BCC1-CAB26FF8766A}.Debug|iPhone.Build.0 = Debug|iPhone
		{10864106-5667-487D-BCC1-CAB26FF8766A}.Debug|iPhoneSimulator.ActiveCfg = Debug|iPhoneSimulator
		{10864106-5667-487D-BCC1-CAB26FF8766A}.Debug|iPhoneSimulator.Build.0 = Debug|iPhoneSimulator
		{10864106-5667-487D-BCC1-CAB26FF8766A}.Debug|Windows Phone (Universal).ActiveCfg = Debug|iPhoneSimulator
		{10864106-5667-487D-BCC1-CAB26FF8766A}.Debug|Windows Phone 8.ActiveCfg = Debug|iPhoneSimulator
		{10864106-5667-487D-BCC1-CAB26FF8766A}.Debug|Windows-AnyCPU.ActiveCfg = Debug|iPhoneSimulator
		{10864106-5667-487D-BCC1-CAB26FF8766A}.Debug|Windows-ARM.ActiveCfg = Debug|iPhoneSimulator
		{10864106-5667-487D-BCC1-CAB26FF8766A}.Debug|Windows-x64.ActiveCfg = Debug|iPhoneSimulator
		{10864106-5667-487D-BCC1-CAB26FF8766A}.Debug|Windows-x86.ActiveCfg = Debug|iPhoneSimulator
		{10864106-5667-487D-BCC1-CAB26FF8766A}.Release|Android.ActiveCfg = Release|iPhoneSimulator
		{10864106-5667-487D-BCC1-CAB26FF8766A}.Release|Any CPU.ActiveCfg = Release|iPhone
		{10864106-5667-487D-BCC1-CAB26FF8766A}.Release|iOS.ActiveCfg = Release|iPhoneSimulator
		{10864106-5667-487D-BCC1-CAB26FF8766A}.Release|iPhone.ActiveCfg = Release|iPhone
		{10864106-5667-487D-BCC1-CAB26FF8766A}.Release|iPhone.Build.0 = Release|iPhone
		{10864106-5667-487D-BCC1-CAB26FF8766A}.Release|iPhoneSimulator.ActiveCfg = Release|iPhoneSimulator
		{10864106-5667-487D-BCC1-CAB26FF8766A}.Release|iPhoneSimulator.Build.0 = Release|iPhoneSimulator
		{10864106-5667-487D-BCC1-CAB26FF8766A}.Release|Windows Phone (Universal).ActiveCfg = Release|iPhoneSimulator
		{10864106-5667-487D-BCC1-CAB26FF8766A}.Release|Windows Phone 8.ActiveCfg = Release|iPhoneSimulator
		{10864106-5667-487D-BCC1-CAB26FF8766A}.Release|Windows-AnyCPU.ActiveCfg = Release|iPhoneSimulator
		{10864106-5667-487D-BCC1-CAB26FF8766A}.Release|Windows-ARM.ActiveCfg = Release|iPhoneSimulator
		{10864106-5667-487D-BCC1-CAB26FF8766A}.Release|Windows-x64.ActiveCfg = Release|iPhoneSimulator
		{10864106-5667-487D-BCC1-CAB26FF8766A}.Release|Windows-x86.ActiveCfg = Release|iPhoneSimulator
		{65C13E97-27B0-4CA7-A45A-E0AD91F26720}.Debug|Android.ActiveCfg = Debug|Android
		{65C13E97-27B0-4CA7-A45A-E0AD91F26720}.Debug|Android.Build.0 = Debug|Android
		{65C13E97-27B0-4CA7-A45A-E0AD91F26720}.Debug|Android.Deploy.0 = Debug|Android
		{65C13E97-27B0-4CA7-A45A-E0AD91F26720}.Debug|Any CPU.ActiveCfg = Debug|Android
		{65C13E97-27B0-4CA7-A45A-E0AD91F26720}.Debug|iOS.ActiveCfg = Debug|iOS
		{65C13E97-27B0-4CA7-A45A-E0AD91F26720}.Debug|iOS.Build.0 = Debug|iOS
		{65C13E97-27B0-4CA7-A45A-E0AD91F26720}.Debug|iOS.Deploy.0 = Debug|iOS
		{65C13E97-27B0-4CA7-A45A-E0AD91F26720}.Debug|iPhone.ActiveCfg = Debug|iOS
		{65C13E97-27B0-4CA7-A45A-E0AD91F26720}.Debug|iPhoneSimulator.ActiveCfg = Debug|iOS
		{65C13E97-27B0-4CA7-A45A-E0AD91F26720}.Debug|Windows Phone (Universal).ActiveCfg = Debug|Windows Phone (Universal)
		{65C13E97-27B0-4CA7-A45A-E0AD91F26720}.Debug|Windows Phone (Universal).Build.0 = Debug|Windows Phone (Universal)
		{65C13E97-27B0-4CA7-A45A-E0AD91F26720}.Debug|Windows Phone (Universal).Deploy.0 = Debug|Windows Phone (Universal)
		{65C13E97-27B0-4CA7-A45A-E0AD91F26720}.Debug|Windows Phone 8.ActiveCfg = Debug|Windows Phone 8
		{65C13E97-27B0-4CA7-A45A-E0AD91F26720}.Debug|Windows Phone 8.Build.0 = Debug|Windows Phone 8
		{65C13E97-27B0-4CA7-A45A-E0AD91F26720}.Debug|Windows Phone 8.Deploy.0 = Debug|Windows Phone 8
		{65C13E97-27B0-4CA7-A45A-E0AD91F26720}.Debug|Windows-AnyCPU.ActiveCfg = Debug|Windows-AnyCPU
		{65C13E97-27B0-4CA7-A45A-E0AD91F26720}.Debug|Windows-AnyCPU.Build.0 = Debug|Windows-AnyCPU
		{65C13E97-27B0-4CA7-A45A-E0AD91F26720}.Debug|Windows-AnyCPU.Deploy.0 = Debug|Windows-AnyCPU
		{65C13E97-27B0-4CA7-A45A-E0AD91F26720}.Debug|Windows-ARM.ActiveCfg = Debug|Windows-ARM
		{65C13E97-27B0-4CA7-A45A-E0AD91F26720}.Debug|Windows-ARM.Build.0 = Debug|Windows-ARM
		{65C13E97-27B0-4CA7-A45A-E0AD91F26720}.Debug|Windows-ARM.Deploy.0 = Debug|Windows-ARM
		{65C13E97-27B0-4CA7-A45A-E0AD91F26720}.Debug|Windows-x64.ActiveCfg = Debug|Windows-x64
		{65C13E97-27B0-4CA7-A45A-E0AD91F26720}.Debug|Windows-x64.Build.0 = Debug|Windows-x64
		{65C13E97-27B0-4CA7-A45A-E0AD91F26720}.Debug|Windows-x64.Deploy.0 = Debug|Windows-x64
		{65C13E97-27B0-4CA7-A45A-E0AD91F26720}.Debug|Windows-x86.ActiveCfg = Debug|Windows-x86
		{65C13E97-27B0-4CA7-A45A-E0AD91F26720}.Debug|Windows-x86.Build.0 = Debug|Windows-x86
		{65C13E97-27B0-4CA7-A45A-E0AD91F26720}.Debug|Windows-x86.Deploy.0 = Debug|Windows-x86
		{65C13E97-27B0-4CA7-A45A-E0AD91F26720}.Release|Android.ActiveCfg = Release|Android
		{65C13E97-27B0-4CA7-A45A-E0AD91F26720}.Release|Android.Build.0 = Release|Android
		{65C13E97-27B0-4CA7-A45A-E0AD91F26720}.Release|Android.Deploy.0 = Release|Android
		{65C13E97-27B0-4CA7-A45A-E0AD91F26720}.Release|Any CPU.ActiveCfg = Release|Android
		{65C13E97-27B0-4CA7-A45A-E0AD91F26720}.Release|iOS.ActiveCfg = Release|iOS
		{65C13E97-27B0-4CA7-A45A-E0AD91F26720}.Release|iOS.Build.0 = Release|iOS
		{65C13E97-27B0-4CA7-A45A-E0AD91F26720}.Release|iOS.Deploy.0 = Release|iOS
		{65C13E97-27B0-4CA7-A45A-E0AD91F26720}.Release|iPhone.ActiveCfg = Release|iOS
		{65C13E97-27B0-4CA7-A45A-E0AD91F26720}.Release|iPhoneSimulator.ActiveCfg = Release|iOS
		{65C13E97-27B0-4CA7-A45A-E0AD91F26720}.Release|Windows Phone (Universal).ActiveCfg = Release|Windows Phone (Universal)
		{65C13E97-27B0-4CA7-A45A-E0AD91F26720}.Release|Windows Phone (Universal).Build.0 = Release|Windows Phone (Universal)
		{65C13E97-27B0-4CA7-A45A-E0AD91F26720}.Release|Windows Phone (Universal).Deploy.0 = Release|Windows Phone (Universal)
		{65C13E97-27B0-4CA7-A45A-E0AD91F26720}.Release|Windows Phone 8.ActiveCfg = Release|Windows Phone 8
		{65C13E97-27B0-4CA7-A45A-E0AD91F26720}.Release|Windows Phone 8.Build.0 = Release|Windows Phone 8
		{65C13E97-27B0-4CA7-A45A-E0AD91F26720}.Release|Windows Phone 8.Deploy.0 = Release|Windows Phone 8
		{65C13E97-27B0-4CA7-A45A-E0AD91F26720}.Release|Windows-AnyCPU.ActiveCfg = Release|Windows-AnyCPU
		{65C13E97-27B0-4CA7-A45A-E0AD91F26720}.Release|Windows-AnyCPU.Build.0 = Release|Windows-AnyCPU
		{65C13E97-27B0-4CA7-A45A-E0AD91F26720}.Release|Windows-AnyCPU.Deploy.0 = Release|Windows-AnyCPU
		{65C13E97-27B0-4CA7-A45A-E0AD91F26720}.Release|Windows-ARM.ActiveCfg = Release|Windows-ARM
		{65C13E97-27B0-4CA7-A45A-E0AD91F26720}.Release|Windows-ARM.Build.0 = Release|Windows-ARM
		{65C13E97-27B0-4CA7-A45A-E0AD91F26720}.Release|Windows-ARM.Deploy.0 = Release|Windows-ARM
		{65C13E97-27B0-4CA7-A45A-E0AD91F26720}.Release|Windows-x64.ActiveCfg = Release|Windows-x64
		{65C13E97-27B0-4CA7-A45A-E0AD91F26720}.Release|Windows-x64.Build.0 = Release|Windows-x64
		{65C13E97-27B0-4CA7-A45A-E0AD91F26720}.Release|Windows-x64.Deploy.0 = Release|Windows-x64
		{65C13E97-27B0-4CA7-A45A-E0AD91F26720}.Release|Windows-x86.ActiveCfg = Release|Windows-x86
		{65C13E97-27B0-4CA7-A45A-E0AD91F26720}.Release|Windows-x86.Build.0 = Release|Windows-x86
		{65C13E97-27B0-4CA7-A45A-E0AD91F26720}.Release|Windows-x86.Deploy.0 = Release|Windows-x86
	EndGlobalSection
	GlobalSection(SolutionProperties) = preSolution
		HideSolutionNode = FALSE
	EndGlobalSection
	GlobalSection(NestedProjects) = preSolution
		{B863B166-3B22-4CBB-9A52-6E371F2B5683} = {D2EC6C6F-B0E6-4DF8-91EC-EC7B7DA7BCA8}
		{4F957496-FC6F-451A-B010-0D89C6D3B116} = {88D7695B-3C8A-426C-BD08-711F49B500CC}
		{F9E996C4-9484-405B-B4F1-BEA133E376B1} = {0D46455B-89DF-4757-B2D7-453931A4ED8A}
		{86E41C61-C0E7-4355-AAA4-22063088FEF2} = {F9E996C4-9484-405B-B4F1-BEA133E376B1}
		{EABEFB5B-266E-4FC0-9F1E-0C43CCF43211} = {F9E996C4-9484-405B-B4F1-BEA133E376B1}
		{10864106-5667-487D-BCC1-CAB26FF8766A} = {F9E996C4-9484-405B-B4F1-BEA133E376B1}
		{B8A5BAAD-B870-45CC-9E34-8FB96D203666} = {0D46455B-89DF-4757-B2D7-453931A4ED8A}
		{65C13E97-27B0-4CA7-A45A-E0AD91F26720} = {B8A5BAAD-B870-45CC-9E34-8FB96D203666}
	EndGlobalSection
EndGlobal
